
Microsoft Visual Studio Solution File, Format Version 12.00
# Visual Studio 15
VisualStudioVersion = 15.0.27004.2009
MinimumVisualStudioVersion = 10.0.40219.1
Project("{FAE04EC0-301F-11D3-BF4B-00C04F79EFBC}") = "SecretSanta", "SecretSanta\SecretSanta.csproj", "{B74AABA9-819C-4119-A1BB-9D0D41FB9A5E}"
EndProject
Project("{FAE04EC0-301F-11D3-BF4B-00C04F79EFBC}") = "SecretSantaTests", "SecretSantaTests\SecretSantaTests.csproj", "{3B4CB1A6-ED81-489E-96F8-5335DD5B3E82}"
EndProject
Global
	GlobalSection(SolutionConfigurationPlatforms) = preSolution
		Debug|Any CPU = Debug|Any CPU
		Release|Any CPU = Release|Any CPU
	EndGlobalSection
	GlobalSection(ProjectConfigurationPlatforms) = postSolution
		{B74AABA9-819C-4119-A1BB-9D0D41FB9A5E}.Debug|Any CPU.ActiveCfg = Debug|Any CPU
		{B74AABA9-819C-4119-A1BB-9D0D41FB9A5E}.Debug|Any CPU.Build.0 = Debug|Any CPU
		{B74AABA9-819C-4119-A1BB-9D0D41FB9A5E}.Release|Any CPU.ActiveCfg = Release|Any CPU
		{B74AABA9-819C-4119-A1BB-9D0D41FB9A5E}.Release|Any CPU.Build.0 = Release|Any CPU
		{3B4CB1A6-ED81-489E-96F8-5335DD5B3E82}.Debug|Any CPU.ActiveCfg = Debug|Any CPU
		{3B4CB1A6-ED81-489E-96F8-5335DD5B3E82}.Debug|Any CPU.Build.0 = Debug|Any CPU
		{3B4CB1A6-ED81-489E-96F8-5335DD5B3E82}.Release|Any CPU.ActiveCfg = Release|Any CPU
		{3B4CB1A6-ED81-489E-96F8-5335DD5B3E82}.Release|Any CPU.Build.0 = Release|Any CPU
	EndGlobalSection
	GlobalSection(SolutionProperties) = preSolution
		HideSolutionNode = FALSE
	EndGlobalSection
	GlobalSection(ExtensibilityGlobals) = postSolution
		SolutionGuid = {B06E5282-0B0A-4F9B-AD1C-C8379D006BA9}
	EndGlobalSection
EndGlobal
